
Microsoft Visual Studio Solution File, Format Version 12.00
# Visual Studio Version 17
VisualStudioVersion = 17.11.35219.272
MinimumVisualStudioVersion = 10.0.40219.1
Project("{FAE04EC0-301F-11D3-BF4B-00C04F79EFBC}") = "Sem045005", "Sem045005\Sem045005.csproj", "{44731EA6-254E-4277-B911-0EB861307690}"
EndProject
Project("{FAE04EC0-301F-11D3-BF4B-00C04F79EFBC}") = "Clases", "Clases\Clases.csproj", "{B3E4C9F8-E7C9-4CFD-B174-EEB84AFF2F53}"
EndProject
Global
	GlobalSection(SolutionConfigurationPlatforms) = preSolution
		Debug|Any CPU = Debug|Any CPU
		Release|Any CPU = Release|Any CPU
	EndGlobalSection
	GlobalSection(ProjectConfigurationPlatforms) = postSolution
		{44731EA6-254E-4277-B911-0EB861307690}.Debug|Any CPU.ActiveCfg = Debug|Any CPU
		{44731EA6-254E-4277-B911-0EB861307690}.Debug|Any CPU.Build.0 = Debug|Any CPU
		{44731EA6-254E-4277-B911-0EB861307690}.Release|Any CPU.ActiveCfg = Release|Any CPU
		{44731EA6-254E-4277-B911-0EB861307690}.Release|Any CPU.Build.0 = Release|Any CPU
		{B3E4C9F8-E7C9-4CFD-B174-EEB84AFF2F53}.Debug|Any CPU.ActiveCfg = Debug|Any CPU
		{B3E4C9F8-E7C9-4CFD-B174-EEB84AFF2F53}.Debug|Any CPU.Build.0 = Debug|Any CPU
		{B3E4C9F8-E7C9-4CFD-B174-EEB84AFF2F53}.Release|Any CPU.ActiveCfg = Release|Any CPU
		{B3E4C9F8-E7C9-4CFD-B174-EEB84AFF2F53}.Release|Any CPU.Build.0 = Release|Any CPU
	EndGlobalSection
	GlobalSection(SolutionProperties) = preSolution
		HideSolutionNode = FALSE
	EndGlobalSection
	GlobalSection(ExtensibilityGlobals) = postSolution
		SolutionGuid = {168F95F6-9F1C-4463-A7F3-536FFFD13CE2}
	EndGlobalSection
EndGlobal
